
Microsoft Visual Studio Solution File, Format Version 12.00
# Visual Studio Version 16
VisualStudioVersion = 16.0.32228.343
MinimumVisualStudioVersion = 10.0.40219.1
Project("{FAE04EC0-301F-11D3-BF4B-00C04F79EFBC}") = "WpfApp1", "WpfApp1.csproj", "{1B91F015-E39A-47DD-B27E-C26A8A7254D9}"
EndProject
Global
	GlobalSection(SolutionConfigurationPlatforms) = preSolution
		Debug|Any CPU = Debug|Any CPU
		Release|Any CPU = Release|Any CPU
	EndGlobalSection
	GlobalSection(ProjectConfigurationPlatforms) = postSolution
		{1B91F015-E39A-47DD-B27E-C26A8A7254D9}.Debug|Any CPU.ActiveCfg = Debug|Any CPU
		{1B91F015-E39A-47DD-B27E-C26A8A7254D9}.Debug|Any CPU.Build.0 = Debug|Any CPU
		{1B91F015-E39A-47DD-B27E-C26A8A7254D9}.Release|Any CPU.ActiveCfg = Release|Any CPU
		{1B91F015-E39A-47DD-B27E-C26A8A7254D9}.Release|Any CPU.Build.0 = Release|Any CPU
	EndGlobalSection
	GlobalSection(SolutionProperties) = preSolution
		HideSolutionNode = FALSE
	EndGlobalSection
	GlobalSection(ExtensibilityGlobals) = postSolution
		SolutionGuid = {7D439264-8B5C-4F60-BC05-48B934383B58}
	EndGlobalSection
EndGlobal
